<?xml version="1.0" encoding="utf-8"?>
<Project ToolsVersion="4.0" xmlns="http://schemas.microsoft.com/developer/msbuild/2003">
  <ItemGroup>
    <Filter Include="Source Files">
      <UniqueIdentifier>{4FC737F1-C7A5-4376-A066-2A32D752A2FF}</UniqueIdentifier>
      <Extensions>cpp;c;cc;cxx;c++;cppm;ixx;def;odl;idl;hpj;bat;asm;asmx</Extensions>
    </Filter>
    <Filter Include="Header Files">
      <UniqueIdentifier>{93995380-89BD-4b04-88EB-625FBE52EBFB}</UniqueIdentifier>
      <Extensions>h;hh;hpp;hxx;h++;hm;inl;inc;ipp;xsd</Extensions>
    </Filter>
    <Filter Include="Resource Files">
      <UniqueIdentifier>{67DA6AB6-F800-4c08-8B7A-83BB121AAD01}</UniqueIdentifier>
      <Extensions>rc;ico;cur;bmp;dlg;rc2;rct;bin;rgs;gif;jpg;jpeg;jpe;resx;tiff;tif;png;wav;mfcribbon-ms</Extensions>
    </Filter>
    <Filter Include="Source Files\engine">
      <UniqueIdentifier>{2a8ba028-86dc-4fcb-871d-5e9660bdaae6}</UniqueIdentifier>
    </Filter>
    <Filter Include="Source Files\world">
      <UniqueIdentifier>{ab0c8dae-6d6e-4ccc-b5ac-79baebfc25cb}</UniqueIdentifier>
    </Filter>
    <Filter Include="Source Files\player">
      <UniqueIdentifier>{50ae527e-750a-43f9-921c-00295b9f5e08}</UniqueIdentifier>
    </Filter>
  </ItemGroup>
  <ItemGroup>
    <ClCompile Include="main.cpp">
      <Filter>Source Files</Filter>
    </ClCompile>
    <ClCompile Include="world.cpp">
      <Filter>Source Files\world</Filter>
    </ClCompile>
    <ClCompile Include="player.cpp">
      <Filter>Source Files\player</Filter>
    </ClCompile>
    <ClCompile Include="player_controller.h">
      <Filter>Source Files\player</Filter>
    </ClCompile>
    <ClCompile Include="player_controlller.cpp">
      <Filter>Source Files\player</Filter>
    </ClCompile>
    <ClCompile Include="tilemap.cpp">
      <Filter>Source Files\world</Filter>
    </ClCompile>
  </ItemGroup>
  <ItemGroup>
    <ClInclude Include="world.h">
      <Filter>Source Files\world</Filter>
    </ClInclude>
    <ClInclude Include="materials.h">
      <Filter>Source Files\world</Filter>
    </ClInclude>
    <ClInclude Include="player.h">
      <Filter>Source Files\player</Filter>
    </ClInclude>
    <ClInclude Include="tilemap.h">
      <Filter>Source Files\world</Filter>
    </ClInclude>
  </ItemGroup>
</Project>